<?xml version="1.0" encoding="utf-8"?>
<Project ToolsVersion="4.0" xmlns="http://schemas.microsoft.com/developer/msbuild/2003">
  <ItemGroup>
    <Filter Include="源文件">
      <UniqueIdentifier>{4FC737F1-C7A5-4376-A066-2A32D752A2FF}</UniqueIdentifier>
      <Extensions>cpp;c;cc;cxx;def;odl;idl;hpj;bat;asm;asmx</Extensions>
    </Filter>
    <Filter Include="头文件">
      <UniqueIdentifier>{93995380-89BD-4b04-88EB-625FBE52EBFB}</UniqueIdentifier>
      <Extensions>h;hh;hpp;hxx;hm;inl;inc;xsd</Extensions>
    </Filter>
    <Filter Include="资源文件">
      <UniqueIdentifier>{67DA6AB6-F800-4c08-8B7A-83BB121AAD01}</UniqueIdentifier>
      <Extensions>rc;ico;cur;bmp;dlg;rc2;rct;bin;rgs;gif;jpg;jpeg;jpe;resx;tiff;tif;png;wav;mfcribbon-ms</Extensions>
    </Filter>
    <Filter Include="DetectPoints">
      <UniqueIdentifier>{09a1ddb3-3308-41ea-90a8-3d97e5fe1019}</UniqueIdentifier>
    </Filter>
  </ItemGroup>
  <ItemGroup>
    <Text Include="ReadMe.txt" />
  </ItemGroup>
  <ItemGroup>
    <ClInclude Include="calibratorModule.h">
      <Filter>头文件</Filter>
    </ClInclude>
    <ClInclude Include="stdafx.h">
      <Filter>头文件</Filter>
    </ClInclude>
    <ClInclude Include="targetver.h">
      <Filter>头文件</Filter>
    </ClInclude>
    <ClInclude Include="MainFrm.h">
      <Filter>头文件</Filter>
    </ClInclude>
    <ClInclude Include="calibratorModuleDoc.h">
      <Filter>头文件</Filter>
    </ClInclude>
    <ClInclude Include="calibratorModuleView.h">
      <Filter>头文件</Filter>
    </ClInclude>
    <ClInclude Include="Resource.h">
      <Filter>头文件</Filter>
    </ClInclude>
    <ClInclude Include="FileView.h">
      <Filter>头文件</Filter>
    </ClInclude>
    <ClInclude Include="ViewTree.h">
      <Filter>头文件</Filter>
    </ClInclude>
    <ClInclude Include="ImageManage.h">
      <Filter>头文件</Filter>
    </ClInclude>
    <ClInclude Include="GeneralUtility.h">
      <Filter>头文件</Filter>
    </ClInclude>
    <ClInclude Include="CvvImage.h">
      <Filter>头文件</Filter>
    </ClInclude>
    <ClInclude Include="CameraCalibration.h">
      <Filter>头文件</Filter>
    </ClInclude>
    <ClInclude Include="ParamsFiles.h">
      <Filter>头文件</Filter>
    </ClInclude>
    <ClInclude Include="SetParmasDialog.h">
      <Filter>头文件</Filter>
    </ClInclude>
    <ClInclude Include="DetectPoints\DetectCheckerboardPoints.h">
      <Filter>DetectPoints</Filter>
    </ClInclude>
    <ClInclude Include="DetectPoints\emxTypes.h">
      <Filter>DetectPoints</Filter>
    </ClInclude>
    <ClInclude Include="DetectPoints\libmwbwlookup_tbb.h">
      <Filter>DetectPoints</Filter>
    </ClInclude>
    <ClInclude Include="DetectPoints\libmwimfilter.h">
      <Filter>DetectPoints</Filter>
    </ClInclude>
    <ClInclude Include="DetectPoints\libmwimregionalmax.h">
      <Filter>DetectPoints</Filter>
    </ClInclude>
    <ClInclude Include="DetectPoints\libmwippfilter.h">
      <Filter>DetectPoints</Filter>
    </ClInclude>
    <ClInclude Include="DetectPoints\rtwtypes.h">
      <Filter>DetectPoints</Filter>
    </ClInclude>
  </ItemGroup>
  <ItemGroup>
    <ClCompile Include="calibratorModule.cpp">
      <Filter>源文件</Filter>
    </ClCompile>
    <ClCompile Include="stdafx.cpp">
      <Filter>源文件</Filter>
    </ClCompile>
    <ClCompile Include="MainFrm.cpp">
      <Filter>源文件</Filter>
    </ClCompile>
    <ClCompile Include="calibratorModuleDoc.cpp">
      <Filter>源文件</Filter>
    </ClCompile>
    <ClCompile Include="calibratorModuleView.cpp">
      <Filter>源文件</Filter>
    </ClCompile>
    <ClCompile Include="FileView.cpp">
      <Filter>源文件</Filter>
    </ClCompile>
    <ClCompile Include="ViewTree.cpp">
      <Filter>源文件</Filter>
    </ClCompile>
    <ClCompile Include="ImageManage.cpp">
      <Filter>源文件</Filter>
    </ClCompile>
    <ClCompile Include="GeneralUtility.cpp">
      <Filter>源文件</Filter>
    </ClCompile>
    <ClCompile Include="CvvImage.cpp">
      <Filter>源文件</Filter>
    </ClCompile>
    <ClCompile Include="CameraCalibration.cpp">
      <Filter>源文件</Filter>
    </ClCompile>
    <ClCompile Include="ParamsFiles.cpp">
      <Filter>源文件</Filter>
    </ClCompile>
    <ClCompile Include="SetParmasDialog.cpp">
      <Filter>源文件</Filter>
    </ClCompile>
    <ClCompile Include="DetectPoints\DetectCheckerboardPoints.cpp">
      <Filter>DetectPoints</Filter>
    </ClCompile>
  </ItemGroup>
  <ItemGroup>
    <ResourceCompile Include="calibratorModule.rc">
      <Filter>资源文件</Filter>
    </ResourceCompile>
  </ItemGroup>
  <ItemGroup>
    <Image Include="res\file_view.ico">
      <Filter>资源文件</Filter>
    </Image>
    <Image Include="res\file_view_hc.ico">
      <Filter>资源文件</Filter>
    </Image>
    <Image Include="res\fileview.bmp">
      <Filter>资源文件</Filter>
    </Image>
    <Image Include="res\fileview_hc.bmp">
      <Filter>资源文件</Filter>
    </Image>
    <Image Include="res\explorer.bmp">
      <Filter>资源文件</Filter>
    </Image>
    <Image Include="res\explorer_hc.bmp">
      <Filter>资源文件</Filter>
    </Image>
    <Image Include="res\sort.bmp">
      <Filter>资源文件</Filter>
    </Image>
    <Image Include="res\sort_hc.bmp">
      <Filter>资源文件</Filter>
    </Image>
    <Image Include="res\menuimages.bmp">
      <Filter>资源文件</Filter>
    </Image>
    <Image Include="res\menuimages_hc.bmp">
      <Filter>资源文件</Filter>
    </Image>
    <Image Include="res\buttons.bmp">
      <Filter>资源文件</Filter>
    </Image>
    <Image Include="res\filelarge.bmp">
      <Filter>资源文件</Filter>
    </Image>
    <Image Include="res\filesmall.bmp">
      <Filter>资源文件</Filter>
    </Image>
    <Image Include="res\main.bmp">
      <Filter>资源文件</Filter>
    </Image>
    <Image Include="res\writelarge.bmp">
      <Filter>资源文件</Filter>
    </Image>
    <Image Include="res\writesmall.bmp">
      <Filter>资源文件</Filter>
    </Image>
    <Image Include="res\calibratorModuleDoc.ico">
      <Filter>资源文件</Filter>
    </Image>
    <Image Include="res\calibratorModule.ico">
      <Filter>资源文件</Filter>
    </Image>
    <Image Include="res\Toolbar.bmp">
      <Filter>资源文件</Filter>
    </Image>
    <Image Include="res\Toolbar256.bmp">
      <Filter>资源文件</Filter>
    </Image>
    <Image Include="res\bitmap1.bmp">
      <Filter>资源文件</Filter>
    </Image>
    <Image Include="res\importImage.png">
      <Filter>资源文件</Filter>
    </Image>
    <Image Include="res\CalibrationMenu.png">
      <Filter>资源文件</Filter>
    </Image>
    <Image Include="res\main.png">
      <Filter>资源文件</Filter>
    </Image>
  </ItemGroup>
  <ItemGroup>
    <None Include="res\ribbon.mfcribbon-ms">
      <Filter>资源文件</Filter>
    </None>
    <None Include="res\calibratorModule.rc2">
      <Filter>资源文件</Filter>
    </None>
    <None Include="calibratorModule.aps" />
  </ItemGroup>
</Project>